{
  "name": "gee_collections",
  "lockfileVersion": 2,
  "requires": true,
  "packages": {
    "": {
      "dependencies": {
        "vue-multiselect": "^2.1.8",
        "vue-search-select": "^3.2.0"
      }
    },
    "node_modules/vue-multiselect": {
      "version": "2.1.8",
      "resolved": "https://registry.npmjs.org/vue-multiselect/-/vue-multiselect-2.1.8.tgz",
      "integrity": "sha512-bgpvWZlT4EiUUCcwLAR655LdiifeqF62BDL2TLVddKfS/NcdIYVlvOr456N7GQIlBFNbb7vHfq+qOl8mpGAOJw==",
      "engines": {
        "node": ">= 4.0.0",
        "npm": ">= 3.0.0"
      }
    },
    "node_modules/vue-search-select": {
      "version": "3.2.0",
      "resolved": "https://registry.npmjs.org/vue-search-select/-/vue-search-select-3.2.0.tgz",
      "integrity": "sha512-X4FCEocMX3vJ/hJRgAcOG18GFxHHNj2umkZee0Pa4kMemBapma6RyOq7GD25kN/FWAal43IbW6GqiZ9h9y0lyA=="
    }
  },
  "dependencies": {
    "vue-multiselect": {
      "version": "2.1.8",
      "resolved": "https://registry.npmjs.org/vue-multiselect/-/vue-multiselect-2.1.8.tgz",
      "integrity": "sha512-bgpvWZlT4EiUUCcwLAR655LdiifeqF62BDL2TLVddKfS/NcdIYVlvOr456N7GQIlBFNbb7vHfq+qOl8mpGAOJw=="
    },
    "vue-search-select": {
      "version": "3.2.0",
      "resolved": "https://registry.npmjs.org/vue-search-select/-/vue-search-select-3.2.0.tgz",
      "integrity": "sha512-X4FCEocMX3vJ/hJRgAcOG18GFxHHNj2umkZee0Pa4kMemBapma6RyOq7GD25kN/FWAal43IbW6GqiZ9h9y0lyA=="
    }
  }
}
